github.com/golang-jwt/jwt/v5 v5.2.1 h1:OuVbFODueb089Lh128TAcimifWaLhJwVflnrgM17wHk=
github.com/golang-jwt/jwt/v5 v5.2.1/go.mod h1:pqrtFR0X4osieyHYxtmOUWsAWrfe1Q5UVIyoH402zdk=
github.com/mattn/go-sqlite3 v1.14.27 h1:drZCnuvf37yPfs95E5jd9s3XhdVWLal+6BOK6qrv6IU=
github.com/mattn/go-sqlite3 v1.14.27/go.mod h1:Uh1q+B4BYcTPb+yiD3kU8Ct7aC0hY9fxUwlHK0RXw+Y=
